
Microsoft Visual Studio Solution File, Format Version 12.00
# Visual Studio Version 17
VisualStudioVersion = 17.11.35327.3
MinimumVisualStudioVersion = 10.0.40219.1
Project("{8BC9CEB8-8B4A-11D0-8D11-00A0C91BC942}") = "opengl", "opengl.vcxproj", "{DB08286E-D3A2-444B-B9DB-5207015CD1AF}"
EndProject
Global
	GlobalSection(SolutionConfigurationPlatforms) = preSolution
		Debug|x64 = Debug|x64
		Debug|x86 = Debug|x86
		Release|x64 = Release|x64
		Release|x86 = Release|x86
	EndGlobalSection
	GlobalSection(ProjectConfigurationPlatforms) = postSolution
		{DB08286E-D3A2-444B-B9DB-5207015CD1AF}.Debug|x64.ActiveCfg = Debug|x64
		{DB08286E-D3A2-444B-B9DB-5207015CD1AF}.Debug|x64.Build.0 = Debug|x64
		{DB08286E-D3A2-444B-B9DB-5207015CD1AF}.Debug|x86.ActiveCfg = Debug|Win32
		{DB08286E-D3A2-444B-B9DB-5207015CD1AF}.Debug|x86.Build.0 = Debug|Win32
		{DB08286E-D3A2-444B-B9DB-5207015CD1AF}.Release|x64.ActiveCfg = Release|x64
		{DB08286E-D3A2-444B-B9DB-5207015CD1AF}.Release|x64.Build.0 = Release|x64
		{DB08286E-D3A2-444B-B9DB-5207015CD1AF}.Release|x86.ActiveCfg = Release|Win32
		{DB08286E-D3A2-444B-B9DB-5207015CD1AF}.Release|x86.Build.0 = Release|Win32
	EndGlobalSection
	GlobalSection(SolutionProperties) = preSolution
		HideSolutionNode = FALSE
	EndGlobalSection
	GlobalSection(ExtensibilityGlobals) = postSolution
		SolutionGuid = {C303CAA6-0A62-4CFC-9B6C-708B1C7D7006}
	EndGlobalSection
EndGlobal
